// !$*UTF8*$!
{
	archiveVersion = 1;
	classes = {
	};
	objectVersion = 56;
	objects = {

/* Begin PBXBuildFile section */
		2A9AFAE329FC93B100FB5884 /* MealProjectApp.swift in Sources */ = {isa = PBXBuildFile; fileRef = 2A9AFAE229FC93B100FB5884 /* MealProjectApp.swift */; };
		2A9AFAE529FC93B100FB5884 /* ContentView.swift in Sources */ = {isa = PBXBuildFile; fileRef = 2A9AFAE429FC93B100FB5884 /* ContentView.swift */; };
		2A9AFAE729FC93B300FB5884 /* Assets.xcassets in Resources */ = {isa = PBXBuildFile; fileRef = 2A9AFAE629FC93B300FB5884 /* Assets.xcassets */; };
		2A9AFAEA29FC93B300FB5884 /* Preview Assets.xcassets in Resources */ = {isa = PBXBuildFile; fileRef = 2A9AFAE929FC93B300FB5884 /* Preview Assets.xcassets */; };
		2A9AFAF429FC93B400FB5884 /* MealProjectTests.swift in Sources */ = {isa = PBXBuildFile; fileRef = 2A9AFAF329FC93B400FB5884 /* MealProjectTests.swift */; };
		2A9AFAFE29FC93B400FB5884 /* MealProjectUITests.swift in Sources */ = {isa = PBXBuildFile; fileRef = 2A9AFAFD29FC93B400FB5884 /* MealProjectUITests.swift */; };
		2A9AFB0029FC93B400FB5884 /* MealProjectUITestsLaunchTests.swift in Sources */ = {isa = PBXBuildFile; fileRef = 2A9AFAFF29FC93B400FB5884 /* MealProjectUITestsLaunchTests.swift */; };
		2A9AFB0F29FC955800FB5884 /* DessertView.swift in Sources */ = {isa = PBXBuildFile; fileRef = 2A9AFB0E29FC955800FB5884 /* DessertView.swift */; };
		2A9AFB1329FC990500FB5884 /* Meals.swift in Sources */ = {isa = PBXBuildFile; fileRef = 2A9AFB1229FC990500FB5884 /* Meals.swift */; };
		2AEDA78D29FCE42D000A2113 /* DetailView.swift in Sources */ = {isa = PBXBuildFile; fileRef = 2AEDA78C29FCE42D000A2113 /* DetailView.swift */; };
		2AFC8C9A29FDD293004FBEFA /* LoadingView.swift in Sources */ = {isa = PBXBuildFile; fileRef = 2AFC8C9929FDD293004FBEFA /* LoadingView.swift */; };
		2AFC8C9C29FDD4C1004FBEFA /* MealDisplay.swift in Sources */ = {isa = PBXBuildFile; fileRef = 2AFC8C9B29FDD4C1004FBEFA /* MealDisplay.swift */; };
/* End PBXBuildFile section */

/* Begin PBXContainerItemProxy section */
		2A9AFAF029FC93B400FB5884 /* PBXContainerItemProxy */ = {
			isa = PBXContainerItemProxy;
			containerPortal = 2A9AFAD729FC93B100FB5884 /* Project object */;
			proxyType = 1;
			remoteGlobalIDString = 2A9AFADE29FC93B100FB5884;
			remoteInfo = MealProject;
		};
		2A9AFAFA29FC93B400FB5884 /* PBXContainerItemProxy */ = {
			isa = PBXContainerItemProxy;
			containerPortal = 2A9AFAD729FC93B100FB5884 /* Project object */;
			proxyType = 1;
			remoteGlobalIDString = 2A9AFADE29FC93B100FB5884;
			remoteInfo = MealProject;
		};
/* End PBXContainerItemProxy section */

/* Begin PBXFileReference section */
		2A9AFADF29FC93B100FB5884 /* MealProject.app */ = {isa = PBXFileReference; explicitFileType = wrapper.application; includeInIndex = 0; path = MealProject.app; sourceTree = BUILT_PRODUCTS_DIR; };
		2A9AFAE229FC93B100FB5884 /* MealProjectApp.swift */ = {isa = PBXFileReference; lastKnownFileType = sourcecode.swift; path = MealProjectApp.swift; sourceTree = "<group>"; };
		2A9AFAE429FC93B100FB5884 /* ContentView.swift */ = {isa = PBXFileReference; lastKnownFileType = sourcecode.swift; path = ContentView.swift; sourceTree = "<group>"; };
		2A9AFAE629FC93B300FB5884 /* Assets.xcassets */ = {isa = PBXFileReference; lastKnownFileType = folder.assetcatalog; path = Assets.xcassets; sourceTree = "<group>"; };
		2A9AFAE929FC93B300FB5884 /* Preview Assets.xcassets */ = {isa = PBXFileReference; lastKnownFileType = folder.assetcatalog; path = "Preview Assets.xcassets"; sourceTree = "<group>"; };
		2A9AFAEF29FC93B400FB5884 /* MealProjectTests.xctest */ = {isa = PBXFileReference; explicitFileType = wrapper.cfbundle; includeInIndex = 0; path = MealProjectTests.xctest; sourceTree = BUILT_PRODUCTS_DIR; };
		2A9AFAF329FC93B400FB5884 /* MealProjectTests.swift */ = {isa = PBXFileReference; lastKnownFileType = sourcecode.swift; path = MealProjectTests.swift; sourceTree = "<group>"; };
		2A9AFAF929FC93B400FB5884 /* MealProjectUITests.xctest */ = {isa = PBXFileReference; explicitFileType = wrapper.cfbundle; includeInIndex = 0; path = MealProjectUITests.xctest; sourceTree = BUILT_PRODUCTS_DIR; };
		2A9AFAFD29FC93B400FB5884 /* MealProjectUITests.swift */ = {isa = PBXFileReference; lastKnownFileType = sourcecode.swift; path = MealProjectUITests.swift; sourceTree = "<group>"; };
		2A9AFAFF29FC93B400FB5884 /* MealProjectUITestsLaunchTests.swift */ = {isa = PBXFileReference; lastKnownFileType = sourcecode.swift; path = MealProjectUITestsLaunchTests.swift; sourceTree = "<group>"; };
		2A9AFB0E29FC955800FB5884 /* DessertView.swift */ = {isa = PBXFileReference; lastKnownFileType = sourcecode.swift; path = DessertView.swift; sourceTree = "<group>"; };
		2A9AFB1229FC990500FB5884 /* Meals.swift */ = {isa = PBXFileReference; lastKnownFileType = sourcecode.swift; path = Meals.swift; sourceTree = "<group>"; };
		2AEDA78C29FCE42D000A2113 /* DetailView.swift */ = {isa = PBXFileReference; lastKnownFileType = sourcecode.swift; path = DetailView.swift; sourceTree = "<group>"; };
		2AFC8C9929FDD293004FBEFA /* LoadingView.swift */ = {isa = PBXFileReference; lastKnownFileType = sourcecode.swift; path = LoadingView.swift; sourceTree = "<group>"; };
		2AFC8C9B29FDD4C1004FBEFA /* MealDisplay.swift */ = {isa = PBXFileReference; lastKnownFileType = sourcecode.swift; path = MealDisplay.swift; sourceTree = "<group>"; };
/* End PBXFileReference section */

/* Begin PBXFrameworksBuildPhase section */
		2A9AFADC29FC93B100FB5884 /* Frameworks */ = {
			isa = PBXFrameworksBuildPhase;
			buildActionMask = 2147483647;
			files = (
			);
			runOnlyForDeploymentPostprocessing = 0;
		};
		2A9AFAEC29FC93B400FB5884 /* Frameworks */ = {
			isa = PBXFrameworksBuildPhase;
			buildActionMask = 2147483647;
			files = (
			);
			runOnlyForDeploymentPostprocessing = 0;
		};
		2A9AFAF629FC93B400FB5884 /* Frameworks */ = {
			isa = PBXFrameworksBuildPhase;
			buildActionMask = 2147483647;
			files = (
			);
			runOnlyForDeploymentPostprocessing = 0;
		};
/* End PBXFrameworksBuildPhase section */

/* Begin PBXGroup section */
		2A9AFAD629FC93B100FB5884 = {
			isa = PBXGroup;
			children = (
				2A9AFAE129FC93B100FB5884 /* MealProject */,
				2A9AFAF229FC93B400FB5884 /* MealProjectTests */,
				2A9AFAFC29FC93B400FB5884 /* MealProjectUITests */,
				2A9AFAE029FC93B100FB5884 /* Products */,
			);
			sourceTree = "<group>";
		};
		2A9AFAE029FC93B100FB5884 /* Products */ = {
			isa = PBXGroup;
			children = (
				2A9AFADF29FC93B100FB5884 /* MealProject.app */,
				2A9AFAEF29FC93B400FB5884 /* MealProjectTests.xctest */,
				2A9AFAF929FC93B400FB5884 /* MealProjectUITests.xctest */,
			);
			name = Products;
			sourceTree = "<group>";
		};
		2A9AFAE129FC93B100FB5884 /* MealProject */ = {
			isa = PBXGroup;
			children = (
				2A9AFAE229FC93B100FB5884 /* MealProjectApp.swift */,
				2A9AFAE429FC93B100FB5884 /* ContentView.swift */,
				2A9AFB0E29FC955800FB5884 /* DessertView.swift */,
				2AEDA78C29FCE42D000A2113 /* DetailView.swift */,
				2AFC8C9B29FDD4C1004FBEFA /* MealDisplay.swift */,
				2AFC8C9929FDD293004FBEFA /* LoadingView.swift */,
				2A9AFB1229FC990500FB5884 /* Meals.swift */,
				2A9AFAE629FC93B300FB5884 /* Assets.xcassets */,
				2A9AFAE829FC93B300FB5884 /* Preview Content */,
			);
			path = MealProject;
			sourceTree = "<group>";
		};
		2A9AFAE829FC93B300FB5884 /* Preview Content */ = {
			isa = PBXGroup;
			children = (
				2A9AFAE929FC93B300FB5884 /* Preview Assets.xcassets */,
			);
			path = "Preview Content";
			sourceTree = "<group>";
		};
		2A9AFAF229FC93B400FB5884 /* MealProjectTests */ = {
			isa = PBXGroup;
			children = (
				2A9AFAF329FC93B400FB5884 /* MealProjectTests.swift */,
			);
			path = MealProjectTests;
			sourceTree = "<group>";
		};
		2A9AFAFC29FC93B400FB5884 /* MealProjectUITests */ = {
			isa = PBXGroup;
			children = (
				2A9AFAFD29FC93B400FB5884 /* MealProjectUITests.swift */,
				2A9AFAFF29FC93B400FB5884 /* MealProjectUITestsLaunchTests.swift */,
			);
			path = MealProjectUITests;
			sourceTree = "<group>";
		};
/* End PBXGroup section */

/* Begin PBXNativeTarget section */
		2A9AFADE29FC93B100FB5884 /* MealProject */ = {
			isa = PBXNativeTarget;
			buildConfigurationList = 2A9AFB0329FC93B400FB5884 /* Build configuration list for PBXNativeTarget "MealProject" */;
			buildPhases = (
				2A9AFADB29FC93B100FB5884 /* Sources */,
				2A9AFADC29FC93B100FB5884 /* Frameworks */,
				2A9AFADD29FC93B100FB5884 /* Resources */,
			);
			buildRules = (
			);
			dependencies = (
			);
			name = MealProject;
			productName = MealProject;
			productReference = 2A9AFADF29FC93B100FB5884 /* MealProject.app */;
			productType = "com.apple.product-type.application";
		};
		2A9AFAEE29FC93B400FB5884 /* MealProjectTests */ = {
			isa = PBXNativeTarget;
			buildConfigurationList = 2A9AFB0629FC93B400FB5884 /* Build configuration list for PBXNativeTarget "MealProjectTests" */;
			buildPhases = (
				2A9AFAEB29FC93B400FB5884 /* Sources */,
				2A9AFAEC29FC93B400FB5884 /* Frameworks */,
				2A9AFAED29FC93B400FB5884 /* Resources */,
			);
			buildRules = (
			);
			dependencies = (
				2A9AFAF129FC93B400FB5884 /* PBXTargetDependency */,
			);
			name = MealProjectTests;
			productName = MealProjectTests;
			productReference = 2A9AFAEF29FC93B400FB5884 /* MealProjectTests.xctest */;
			productType = "com.apple.product-type.bundle.unit-test";
		};
		2A9AFAF829FC93B400FB5884 /* MealProjectUITests */ = {
			isa = PBXNativeTarget;
			buildConfigurationList = 2A9AFB0929FC93B400FB5884 /* Build configuration list for PBXNativeTarget "MealProjectUITests" */;
			buildPhases = (
				2A9AFAF529FC93B400FB5884 /* Sources */,
				2A9AFAF629FC93B400FB5884 /* Frameworks */,
				2A9AFAF729FC93B400FB5884 /* Resources */,
			);
			buildRules = (
			);
			dependencies = (
				2A9AFAFB29FC93B400FB5884 /* PBXTargetDependency */,
			);
			name = MealProjectUITests;
			productName = MealProjectUITests;
			productReference = 2A9AFAF929FC93B400FB5884 /* MealProjectUITests.xctest */;
			productType = "com.apple.product-type.bundle.ui-testing";
		};
/* End PBXNativeTarget section */

/* Begin PBXProject section */
		2A9AFAD729FC93B100FB5884 /* Project object */ = {
			isa = PBXProject;
			attributes = {
				BuildIndependentTargetsInParallel = 1;
				LastSwiftUpdateCheck = 1420;
				LastUpgradeCheck = 1420;
				TargetAttributes = {
					2A9AFADE29FC93B100FB5884 = {
						CreatedOnToolsVersion = 14.2;
					};
					2A9AFAEE29FC93B400FB5884 = {
						CreatedOnToolsVersion = 14.2;
						TestTargetID = 2A9AFADE29FC93B100FB5884;
					};
					2A9AFAF829FC93B400FB5884 = {
						CreatedOnToolsVersion = 14.2;
						TestTargetID = 2A9AFADE29FC93B100FB5884;
					};
				};
			};
			buildConfigurationList = 2A9AFADA29FC93B100FB5884 /* Build configuration list for PBXProject "MealProject" */;
			compatibilityVersion = "Xcode 14.0";
			developmentRegion = en;
			hasScannedForEncodings = 0;
			knownRegions = (
				en,
				Base,
			);
			mainGroup = 2A9AFAD629FC93B100FB5884;
			productRefGroup = 2A9AFAE029FC93B100FB5884 /* Products */;
			projectDirPath = "";
			projectRoot = "";
			targets = (
				2A9AFADE29FC93B100FB5884 /* MealProject */,
				2A9AFAEE29FC93B400FB5884 /* MealProjectTests */,
				2A9AFAF829FC93B400FB5884 /* MealProjectUITests */,
			);
		};
/* End PBXProject section */

/* Begin PBXResourcesBuildPhase section */
		2A9AFADD29FC93B100FB5884 /* Resources */ = {
			isa = PBXResourcesBuildPhase;
			buildActionMask = 2147483647;
			files = (
				2A9AFAEA29FC93B300FB5884 /* Preview Assets.xcassets in Resources */,
				2A9AFAE729FC93B300FB5884 /* Assets.xcassets in Resources */,
			);
			runOnlyForDeploymentPostprocessing = 0;
		};
		2A9AFAED29FC93B400FB5884 /* Resources */ = {
			isa = PBXResourcesBuildPhase;
			buildActionMask = 2147483647;
			files = (
			);
			runOnlyForDeploymentPostprocessing = 0;
		};
		2A9AFAF729FC93B400FB5884 /* Resources */ = {
			isa = PBXResourcesBuildPhase;
			buildActionMask = 2147483647;
			files = (
			);
			runOnlyForDeploymentPostprocessing = 0;
		};
/* End PBXResourcesBuildPhase section */

/* Begin PBXSourcesBuildPhase section */
		2A9AFADB29FC93B100FB5884 /* Sources */ = {
			isa = PBXSourcesBuildPhase;
			buildActionMask = 2147483647;
			files = (
				2A9AFB1329FC990500FB5884 /* Meals.swift in Sources */,
				2A9AFAE529FC93B100FB5884 /* ContentView.swift in Sources */,
				2A9AFAE329FC93B100FB5884 /* MealProjectApp.swift in Sources */,
				2AEDA78D29FCE42D000A2113 /* DetailView.swift in Sources */,
				2A9AFB0F29FC955800FB5884 /* DessertView.swift in Sources */,
				2AFC8C9C29FDD4C1004FBEFA /* MealDisplay.swift in Sources */,
				2AFC8C9A29FDD293004FBEFA /* LoadingView.swift in Sources */,
			);
			runOnlyForDeploymentPostprocessing = 0;
		};
		2A9AFAEB29FC93B400FB5884 /* Sources */ = {
			isa = PBXSourcesBuildPhase;
			buildActionMask = 2147483647;
			files = (
				2A9AFAF429FC93B400FB5884 /* MealProjectTests.swift in Sources */,
			);
			runOnlyForDeploymentPostprocessing = 0;
		};
		2A9AFAF529FC93B400FB5884 /* Sources */ = {
			isa = PBXSourcesBuildPhase;
			buildActionMask = 2147483647;
			files = (
				2A9AFAFE29FC93B400FB5884 /* MealProjectUITests.swift in Sources */,
				2A9AFB0029FC93B400FB5884 /* MealProjectUITestsLaunchTests.swift in Sources */,
			);
			runOnlyForDeploymentPostprocessing = 0;
		};
/* End PBXSourcesBuildPhase section */

/* Begin PBXTargetDependency section */
		2A9AFAF129FC93B400FB5884 /* PBXTargetDependency */ = {
			isa = PBXTargetDependency;
			target = 2A9AFADE29FC93B100FB5884 /* MealProject */;
			targetProxy = 2A9AFAF029FC93B400FB5884 /* PBXContainerItemProxy */;
		};
		2A9AFAFB29FC93B400FB5884 /* PBXTargetDependency */ = {
			isa = PBXTargetDependency;
			target = 2A9AFADE29FC93B100FB5884 /* MealProject */;
			targetProxy = 2A9AFAFA29FC93B400FB5884 /* PBXContainerItemProxy */;
		};
/* End PBXTargetDependency section */

/* Begin XCBuildConfiguration section */
		2A9AFB0129FC93B400FB5884 /* Debug */ = {
			isa = XCBuildConfiguration;
			buildSettings = {
				ALWAYS_SEARCH_USER_PATHS = NO;
				CLANG_ANALYZER_NONNULL = YES;
				CLANG_ANALYZER_NUMBER_OBJECT_CONVERSION = YES_AGGRESSIVE;
				CLANG_CXX_LANGUAGE_STANDARD = "gnu++20";
				CLANG_ENABLE_MODULES = YES;
				CLANG_ENABLE_OBJC_ARC = YES;
				CLANG_ENABLE_OBJC_WEAK = YES;
				CLANG_WARN_BLOCK_CAPTURE_AUTORELEASING = YES;
				CLANG_WARN_BOOL_CONVERSION = YES;
				CLANG_WARN_COMMA = YES;
				CLANG_WARN_CONSTANT_CONVERSION = YES;
				CLANG_WARN_DEPRECATED_OBJC_IMPLEMENTATIONS = YES;
				CLANG_WARN_DIRECT_OBJC_ISA_USAGE = YES_ERROR;
				CLANG_WARN_DOCUMENTATION_COMMENTS = YES;
				CLANG_WARN_EMPTY_BODY = YES;
				CLANG_WARN_ENUM_CONVERSION = YES;
				CLANG_WARN_INFINITE_RECURSION = YES;
				CLANG_WARN_INT_CONVERSION = YES;
				CLANG_WARN_NON_LITERAL_NULL_CONVERSION = YES;
				CLANG_WARN_OBJC_IMPLICIT_RETAIN_SELF = YES;
				CLANG_WARN_OBJC_LITERAL_CONVERSION = YES;
				CLANG_WARN_OBJC_ROOT_CLASS = YES_ERROR;
				CLANG_WARN_QUOTED_INCLUDE_IN_FRAMEWORK_HEADER = YES;
				CLANG_WARN_RANGE_LOOP_ANALYSIS = YES;
				CLANG_WARN_STRICT_PROTOTYPES = YES;
				CLANG_WARN_SUSPICIOUS_MOVE = YES;
				CLANG_WARN_UNGUARDED_AVAILABILITY = YES_AGGRESSIVE;
				CLANG_WARN_UNREACHABLE_CODE = YES;
				CLANG_WARN__DUPLICATE_METHOD_MATCH = YES;
				COPY_PHASE_STRIP = NO;
				DEBUG_INFORMATION_FORMAT = dwarf;
				ENABLE_STRICT_OBJC_MSGSEND = YES;
				ENABLE_TESTABILITY = YES;
				GCC_C_LANGUAGE_STANDARD = gnu11;
				GCC_DYNAMIC_NO_PIC = NO;
				GCC_NO_COMMON_BLOCKS = YES;
				GCC_OPTIMIZATION_LEVEL = 0;
				GCC_PREPROCESSOR_DEFINITIONS = (
					"DEBUG=1",
					"$(inherited)",
				);
				GCC_WARN_64_TO_32_BIT_CONVERSION = YES;
				GCC_WARN_ABOUT_RETURN_TYPE = YES_ERROR;
				GCC_WARN_UNDECLARED_SELECTOR = YES;
				GCC_WARN_UNINITIALIZED_AUTOS = YES_AGGRESSIVE;
				GCC_WARN_UNUSED_FUNCTION = YES;
				GCC_WARN_UNUSED_VARIABLE = YES;
				IPHONEOS_DEPLOYMENT_TARGET = 16.2;
				MTL_ENABLE_DEBUG_INFO = INCLUDE_SOURCE;
				MTL_FAST_MATH = YES;
				ONLY_ACTIVE_ARCH = YES;
				SDKROOT = iphoneos;
				SWIFT_ACTIVE_COMPILATION_CONDITIONS = DEBUG;
				SWIFT_OPTIMIZATION_LEVEL = "-Onone";
			};
			name = Debug;
		};
		2A9AFB0229FC93B400FB5884 /* Release */ = {
			isa = XCBuildConfiguration;
			buildSettings = {
				ALWAYS_SEARCH_USER_PATHS = NO;
				CLANG_ANALYZER_NONNULL = YES;
				CLANG_ANALYZER_NUMBER_OBJECT_CONVERSION = YES_AGGRESSIVE;
				CLANG_CXX_LANGUAGE_STANDARD = "gnu++20";
				CLANG_ENABLE_MODULES = YES;
				CLANG_ENABLE_OBJC_ARC = YES;
				CLANG_ENABLE_OBJC_WEAK = YES;
				CLANG_WARN_BLOCK_CAPTURE_AUTORELEASING = YES;
				CLANG_WARN_BOOL_CONVERSION = YES;
				CLANG_WARN_COMMA = YES;
				CLANG_WARN_CONSTANT_CONVERSION = YES;
				CLANG_WARN_DEPRECATED_OBJC_IMPLEMENTATIONS = YES;
				CLANG_WARN_DIRECT_OBJC_ISA_USAGE = YES_ERROR;
				CLANG_WARN_DOCUMENTATION_COMMENTS = YES;
				CLANG_WARN_EMPTY_BODY = YES;
				CLANG_WARN_ENUM_CONVERSION = YES;
				CLANG_WARN_INFINITE_RECURSION = YES;
				CLANG_WARN_INT_CONVERSION = YES;
				CLANG_WARN_NON_LITERAL_NULL_CONVERSION = YES;
				CLANG_WARN_OBJC_IMPLICIT_RETAIN_SELF = YES;
				CLANG_WARN_OBJC_LITERAL_CONVERSION = YES;
				CLANG_WARN_OBJC_ROOT_CLASS = YES_ERROR;
				CLANG_WARN_QUOTED_INCLUDE_IN_FRAMEWORK_HEADER = YES;
				CLANG_WARN_RANGE_LOOP_ANALYSIS = YES;
				CLANG_WARN_STRICT_PROTOTYPES = YES;
				CLANG_WARN_SUSPICIOUS_MOVE = YES;
				CLANG_WARN_UNGUARDED_AVAILABILITY = YES_AGGRESSIVE;
				CLANG_WARN_UNREACHABLE_CODE = YES;
				CLANG_WARN__DUPLICATE_METHOD_MATCH = YES;
				COPY_PHASE_STRIP = NO;
				DEBUG_INFORMATION_FORMAT = "dwarf-with-dsym";
				ENABLE_NS_ASSERTIONS = NO;
				ENABLE_STRICT_OBJC_MSGSEND = YES;
				GCC_C_LANGUAGE_STANDARD = gnu11;
				GCC_NO_COMMON_BLOCKS = YES;
				GCC_WARN_64_TO_32_BIT_CONVERSION = YES;
				GCC_WARN_ABOUT_RETURN_TYPE = YES_ERROR;
				GCC_WARN_UNDECLARED_SELECTOR = YES;
				GCC_WARN_UNINITIALIZED_AUTOS = YES_AGGRESSIVE;
				GCC_WARN_UNUSED_FUNCTION = YES;
				GCC_WARN_UNUSED_VARIABLE = YES;
				IPHONEOS_DEPLOYMENT_TARGET = 16.2;
				MTL_ENABLE_DEBUG_INFO = NO;
				MTL_FAST_MATH = YES;
				SDKROOT = iphoneos;
				SWIFT_COMPILATION_MODE = wholemodule;
				SWIFT_OPTIMIZATION_LEVEL = "-O";
				VALIDATE_PRODUCT = YES;
			};
			name = Release;
		};
		2A9AFB0429FC93B400FB5884 /* Debug */ = {
			isa = XCBuildConfiguration;
			buildSettings = {
				ASSETCATALOG_COMPILER_APPICON_NAME = AppIcon;
				ASSETCATALOG_COMPILER_GLOBAL_ACCENT_COLOR_NAME = AccentColor;
				CODE_SIGN_STYLE = Automatic;
				CURRENT_PROJECT_VERSION = 1;
				DEVELOPMENT_ASSET_PATHS = "\"MealProject/Preview Content\"";
				DEVELOPMENT_TEAM = 9WF93257KS;
				ENABLE_PREVIEWS = YES;
				GENERATE_INFOPLIST_FILE = YES;
				INFOPLIST_KEY_UIApplicationSceneManifest_Generation = YES;
				INFOPLIST_KEY_UIApplicationSupportsIndirectInputEvents = YES;
				INFOPLIST_KEY_UILaunchScreen_Generation = YES;
				INFOPLIST_KEY_UISupportedInterfaceOrientations_iPad = "UIInterfaceOrientationPortrait UIInterfaceOrientationPortraitUpsideDown UIInterfaceOrientationLandscapeLeft UIInterfaceOrientationLandscapeRight";
				INFOPLIST_KEY_UISupportedInterfaceOrientations_iPhone = "UIInterfaceOrientationPortrait UIInterfaceOrientationLandscapeLeft UIInterfaceOrientationLandscapeRight";
				LD_RUNPATH_SEARCH_PATHS = (
					"$(inherited)",
					"@executable_path/Frameworks",
				);
				MARKETING_VERSION = 1.0;
				PRODUCT_BUNDLE_IDENTIFIER = fetch.MealProject;
				PRODUCT_NAME = "$(TARGET_NAME)";
				SWIFT_EMIT_LOC_STRINGS = YES;
				SWIFT_VERSION = 5.0;
				TARGETED_DEVICE_FAMILY = "1,2";
			};
			name = Debug;
		};
		2A9AFB0529FC93B400FB5884 /* Release */ = {
			isa = XCBuildConfiguration;
			buildSettings = {
				ASSETCATALOG_COMPILER_APPICON_NAME = AppIcon;
				ASSETCATALOG_COMPILER_GLOBAL_ACCENT_COLOR_NAME = AccentColor;
				CODE_SIGN_STYLE = Automatic;
				CURRENT_PROJECT_VERSION = 1;
				DEVELOPMENT_ASSET_PATHS = "\"MealProject/Preview Content\"";
				DEVELOPMENT_TEAM = 9WF93257KS;
				ENABLE_PREVIEWS = YES;
				GENERATE_INFOPLIST_FILE = YES;
				INFOPLIST_KEY_UIApplicationSceneManifest_Generation = YES;
				INFOPLIST_KEY_UIApplicationSupportsIndirectInputEvents = YES;
				INFOPLIST_KEY_UILaunchScreen_Generation = YES;
				INFOPLIST_KEY_UISupportedInterfaceOrientations_iPad = "UIInterfaceOrientationPortrait UIInterfaceOrientationPortraitUpsideDown UIInterfaceOrientationLandscapeLeft UIInterfaceOrientationLandscapeRight";
				INFOPLIST_KEY_UISupportedInterfaceOrientations_iPhone = "UIInterfaceOrientationPortrait UIInterfaceOrientationLandscapeLeft UIInterfaceOrientationLandscapeRight";
				LD_RUNPATH_SEARCH_PATHS = (
					"$(inherited)",
					"@executable_path/Frameworks",
				);
				MARKETING_VERSION = 1.0;
				PRODUCT_BUNDLE_IDENTIFIER = fetch.MealProject;
				PRODUCT_NAME = "$(TARGET_NAME)";
				SWIFT_EMIT_LOC_STRINGS = YES;
				SWIFT_VERSION = 5.0;
				TARGETED_DEVICE_FAMILY = "1,2";
			};
			name = Release;
		};
		2A9AFB0729FC93B400FB5884 /* Debug */ = {
			isa = XCBuildConfiguration;
			buildSettings = {
				ALWAYS_EMBED_SWIFT_STANDARD_LIBRARIES = YES;
				BUNDLE_LOADER = "$(TEST_HOST)";
				CODE_SIGN_STYLE = Automatic;
				CURRENT_PROJECT_VERSION = 1;
				DEVELOPMENT_TEAM = 9WF93257KS;
				GENERATE_INFOPLIST_FILE = YES;
				IPHONEOS_DEPLOYMENT_TARGET = 16.2;
				MARKETING_VERSION = 1.0;
				PRODUCT_BUNDLE_IDENTIFIER = fetch.MealProjectTests;
				PRODUCT_NAME = "$(TARGET_NAME)";
				SWIFT_EMIT_LOC_STRINGS = NO;
				SWIFT_VERSION = 5.0;
				TARGETED_DEVICE_FAMILY = "1,2";
				TEST_HOST = "$(BUILT_PRODUCTS_DIR)/MealProject.app/$(BUNDLE_EXECUTABLE_FOLDER_PATH)/MealProject";
			};
			name = Debug;
		};
		2A9AFB0829FC93B400FB5884 /* Release */ = {
			isa = XCBuildConfiguration;
			buildSettings = {
				ALWAYS_EMBED_SWIFT_STANDARD_LIBRARIES = YES;
				BUNDLE_LOADER = "$(TEST_HOST)";
				CODE_SIGN_STYLE = Automatic;
				CURRENT_PROJECT_VERSION = 1;
				DEVELOPMENT_TEAM = 9WF93257KS;
				GENERATE_INFOPLIST_FILE = YES;
				IPHONEOS_DEPLOYMENT_TARGET = 16.2;
				MARKETING_VERSION = 1.0;
				PRODUCT_BUNDLE_IDENTIFIER = fetch.MealProjectTests;
				PRODUCT_NAME = "$(TARGET_NAME)";
				SWIFT_EMIT_LOC_STRINGS = NO;
				SWIFT_VERSION = 5.0;
				TARGETED_DEVICE_FAMILY = "1,2";
				TEST_HOST = "$(BUILT_PRODUCTS_DIR)/MealProject.app/$(BUNDLE_EXECUTABLE_FOLDER_PATH)/MealProject";
			};
			name = Release;
		};
		2A9AFB0A29FC93B400FB5884 /* Debug */ = {
			isa = XCBuildConfiguration;
			buildSettings = {
				ALWAYS_EMBED_SWIFT_STANDARD_LIBRARIES = YES;
				CODE_SIGN_STYLE = Automatic;
				CURRENT_PROJECT_VERSION = 1;
				DEVELOPMENT_TEAM = 9WF93257KS;
				GENERATE_INFOPLIST_FILE = YES;
				MARKETING_VERSION = 1.0;
				PRODUCT_BUNDLE_IDENTIFIER = fetch.MealProjectUITests;
				PRODUCT_NAME = "$(TARGET_NAME)";
				SWIFT_EMIT_LOC_STRINGS = NO;
				SWIFT_VERSION = 5.0;
				TARGETED_DEVICE_FAMILY = "1,2";
				TEST_TARGET_NAME = MealProject;
			};
			name = Debug;
		};
		2A9AFB0B29FC93B400FB5884 /* Release */ = {
			isa = XCBuildConfiguration;
			buildSettings = {
				ALWAYS_EMBED_SWIFT_STANDARD_LIBRARIES = YES;
				CODE_SIGN_STYLE = Automatic;
				CURRENT_PROJECT_VERSION = 1;
				DEVELOPMENT_TEAM = 9WF93257KS;
				GENERATE_INFOPLIST_FILE = YES;
				MARKETING_VERSION = 1.0;
				PRODUCT_BUNDLE_IDENTIFIER = fetch.MealProjectUITests;
				PRODUCT_NAME = "$(TARGET_NAME)";
				SWIFT_EMIT_LOC_STRINGS = NO;
				SWIFT_VERSION = 5.0;
				TARGETED_DEVICE_FAMILY = "1,2";
				TEST_TARGET_NAME = MealProject;
			};
			name = Release;
		};
/* End XCBuildConfiguration section */

/* Begin XCConfigurationList section */
		2A9AFADA29FC93B100FB5884 /* Build configuration list for PBXProject "MealProject" */ = {
			isa = XCConfigurationList;
			buildConfigurations = (
				2A9AFB0129FC93B400FB5884 /* Debug */,
				2A9AFB0229FC93B400FB5884 /* Release */,
			);
			defaultConfigurationIsVisible = 0;
			defaultConfigurationName = Release;
		};
		2A9AFB0329FC93B400FB5884 /* Build configuration list for PBXNativeTarget "MealProject" */ = {
			isa = XCConfigurationList;
			buildConfigurations = (
				2A9AFB0429FC93B400FB5884 /* Debug */,
				2A9AFB0529FC93B400FB5884 /* Release */,
			);
			defaultConfigurationIsVisible = 0;
			defaultConfigurationName = Release;
		};
		2A9AFB0629FC93B400FB5884 /* Build configuration list for PBXNativeTarget "MealProjectTests" */ = {
			isa = XCConfigurationList;
			buildConfigurations = (
				2A9AFB0729FC93B400FB5884 /* Debug */,
				2A9AFB0829FC93B400FB5884 /* Release */,
			);
			defaultConfigurationIsVisible = 0;
			defaultConfigurationName = Release;
		};
		2A9AFB0929FC93B400FB5884 /* Build configuration list for PBXNativeTarget "MealProjectUITests" */ = {
			isa = XCConfigurationList;
			buildConfigurations = (
				2A9AFB0A29FC93B400FB5884 /* Debug */,
				2A9AFB0B29FC93B400FB5884 /* Release */,
			);
			defaultConfigurationIsVisible = 0;
			defaultConfigurationName = Release;
		};
/* End XCConfigurationList section */
	};
	rootObject = 2A9AFAD729FC93B100FB5884 /* Project object */;
}
